
Microsoft Visual Studio Solution File, Format Version 12.00
# Visual Studio Version 16
VisualStudioVersion = 16.0.31205.134
MinimumVisualStudioVersion = 10.0.40219.1
Project("{FAE04EC0-301F-11D3-BF4B-00C04F79EFBC}") = "MonkeysTheoremWeb", "MonkeysTheoremWeb\MonkeysTheoremWeb.csproj", "{73AC04CC-79EF-4E77-86FE-899A0F45FF40}"
EndProject
Project("{9A19103F-16F7-4668-BE54-9A1E7A4F7556}") = "MonkeysAG", "MonkeysAG\MonkeysAG.csproj", "{3579FAEE-23FA-407C-AF55-205049E4354A}"
EndProject
Global
	GlobalSection(SolutionConfigurationPlatforms) = preSolution
		Debug|Any CPU = Debug|Any CPU
		Release|Any CPU = Release|Any CPU
	EndGlobalSection
	GlobalSection(ProjectConfigurationPlatforms) = postSolution
		{73AC04CC-79EF-4E77-86FE-899A0F45FF40}.Debug|Any CPU.ActiveCfg = Debug|Any CPU
		{73AC04CC-79EF-4E77-86FE-899A0F45FF40}.Debug|Any CPU.Build.0 = Debug|Any CPU
		{73AC04CC-79EF-4E77-86FE-899A0F45FF40}.Release|Any CPU.ActiveCfg = Release|Any CPU
		{73AC04CC-79EF-4E77-86FE-899A0F45FF40}.Release|Any CPU.Build.0 = Release|Any CPU
		{3579FAEE-23FA-407C-AF55-205049E4354A}.Debug|Any CPU.ActiveCfg = Debug|Any CPU
		{3579FAEE-23FA-407C-AF55-205049E4354A}.Debug|Any CPU.Build.0 = Debug|Any CPU
		{3579FAEE-23FA-407C-AF55-205049E4354A}.Release|Any CPU.ActiveCfg = Release|Any CPU
		{3579FAEE-23FA-407C-AF55-205049E4354A}.Release|Any CPU.Build.0 = Release|Any CPU
	EndGlobalSection
	GlobalSection(SolutionProperties) = preSolution
		HideSolutionNode = FALSE
	EndGlobalSection
	GlobalSection(ExtensibilityGlobals) = postSolution
		SolutionGuid = {24A35913-C675-4E12-93D4-88664FABA537}
	EndGlobalSection
EndGlobal
